// !$*UTF8*$!
{
	archiveVersion = 1;
	classes = {
	};
	objectVersion = 56;
	objects = {

/* Begin PBXBuildFile section */
		651961B92C2D9C5A000C97FA /* A1H8App.swift in Sources */ = {isa = PBXBuildFile; fileRef = 651961B82C2D9C5A000C97FA /* A1H8App.swift */; };
		651961BB2C2D9C5A000C97FA /* ContentView.swift in Sources */ = {isa = PBXBuildFile; fileRef = 651961BA2C2D9C5A000C97FA /* ContentView.swift */; };
		651961BD2C2D9C5A000C97FA /* Item.swift in Sources */ = {isa = PBXBuildFile; fileRef = 651961BC2C2D9C5A000C97FA /* Item.swift */; };
		651961BF2C2D9C5D000C97FA /* Assets.xcassets in Resources */ = {isa = PBXBuildFile; fileRef = 651961BE2C2D9C5D000C97FA /* Assets.xcassets */; };
		651961C22C2D9C5D000C97FA /* Preview Assets.xcassets in Resources */ = {isa = PBXBuildFile; fileRef = 651961C12C2D9C5D000C97FA /* Preview Assets.xcassets */; };
		651961CC2C2D9C5D000C97FA /* A1H8Tests.swift in Sources */ = {isa = PBXBuildFile; fileRef = 651961CB2C2D9C5D000C97FA /* A1H8Tests.swift */; };
		651961D62C2D9C5D000C97FA /* A1H8UITests.swift in Sources */ = {isa = PBXBuildFile; fileRef = 651961D52C2D9C5D000C97FA /* A1H8UITests.swift */; };
		651961D82C2D9C5D000C97FA /* A1H8UITestsLaunchTests.swift in Sources */ = {isa = PBXBuildFile; fileRef = 651961D72C2D9C5D000C97FA /* A1H8UITestsLaunchTests.swift */; };
/* End PBXBuildFile section */

/* Begin PBXContainerItemProxy section */
		651961C82C2D9C5D000C97FA /* PBXContainerItemProxy */ = {
			isa = PBXContainerItemProxy;
			containerPortal = 651961AD2C2D9C5A000C97FA /* Project object */;
			proxyType = 1;
			remoteGlobalIDString = 651961B42C2D9C5A000C97FA;
			remoteInfo = A1H8;
		};
		651961D22C2D9C5D000C97FA /* PBXContainerItemProxy */ = {
			isa = PBXContainerItemProxy;
			containerPortal = 651961AD2C2D9C5A000C97FA /* Project object */;
			proxyType = 1;
			remoteGlobalIDString = 651961B42C2D9C5A000C97FA;
			remoteInfo = A1H8;
		};
/* End PBXContainerItemProxy section */

/* Begin PBXFileReference section */
		651961B52C2D9C5A000C97FA /* A1H8.app */ = {isa = PBXFileReference; explicitFileType = wrapper.application; includeInIndex = 0; path = A1H8.app; sourceTree = BUILT_PRODUCTS_DIR; };
		651961B82C2D9C5A000C97FA /* A1H8App.swift */ = {isa = PBXFileReference; lastKnownFileType = sourcecode.swift; path = A1H8App.swift; sourceTree = "<group>"; };
		651961BA2C2D9C5A000C97FA /* ContentView.swift */ = {isa = PBXFileReference; lastKnownFileType = sourcecode.swift; path = ContentView.swift; sourceTree = "<group>"; };
		651961BC2C2D9C5A000C97FA /* Item.swift */ = {isa = PBXFileReference; lastKnownFileType = sourcecode.swift; path = Item.swift; sourceTree = "<group>"; };
		651961BE2C2D9C5D000C97FA /* Assets.xcassets */ = {isa = PBXFileReference; lastKnownFileType = folder.assetcatalog; path = Assets.xcassets; sourceTree = "<group>"; };
		651961C12C2D9C5D000C97FA /* Preview Assets.xcassets */ = {isa = PBXFileReference; lastKnownFileType = folder.assetcatalog; path = "Preview Assets.xcassets"; sourceTree = "<group>"; };
		651961C72C2D9C5D000C97FA /* A1H8Tests.xctest */ = {isa = PBXFileReference; explicitFileType = wrapper.cfbundle; includeInIndex = 0; path = A1H8Tests.xctest; sourceTree = BUILT_PRODUCTS_DIR; };
		651961CB2C2D9C5D000C97FA /* A1H8Tests.swift */ = {isa = PBXFileReference; lastKnownFileType = sourcecode.swift; path = A1H8Tests.swift; sourceTree = "<group>"; };
		651961D12C2D9C5D000C97FA /* A1H8UITests.xctest */ = {isa = PBXFileReference; explicitFileType = wrapper.cfbundle; includeInIndex = 0; path = A1H8UITests.xctest; sourceTree = BUILT_PRODUCTS_DIR; };
		651961D52C2D9C5D000C97FA /* A1H8UITests.swift */ = {isa = PBXFileReference; lastKnownFileType = sourcecode.swift; path = A1H8UITests.swift; sourceTree = "<group>"; };
		651961D72C2D9C5D000C97FA /* A1H8UITestsLaunchTests.swift */ = {isa = PBXFileReference; lastKnownFileType = sourcecode.swift; path = A1H8UITestsLaunchTests.swift; sourceTree = "<group>"; };
/* End PBXFileReference section */

/* Begin PBXFrameworksBuildPhase section */
		651961B22C2D9C5A000C97FA /* Frameworks */ = {
			isa = PBXFrameworksBuildPhase;
			buildActionMask = 2147483647;
			files = (
			);
			runOnlyForDeploymentPostprocessing = 0;
		};
		651961C42C2D9C5D000C97FA /* Frameworks */ = {
			isa = PBXFrameworksBuildPhase;
			buildActionMask = 2147483647;
			files = (
			);
			runOnlyForDeploymentPostprocessing = 0;
		};
		651961CE2C2D9C5D000C97FA /* Frameworks */ = {
			isa = PBXFrameworksBuildPhase;
			buildActionMask = 2147483647;
			files = (
			);
			runOnlyForDeploymentPostprocessing = 0;
		};
/* End PBXFrameworksBuildPhase section */

/* Begin PBXGroup section */
		651961AC2C2D9C5A000C97FA = {
			isa = PBXGroup;
			children = (
				651961B72C2D9C5A000C97FA /* A1H8 */,
				651961CA2C2D9C5D000C97FA /* A1H8Tests */,
				651961D42C2D9C5D000C97FA /* A1H8UITests */,
				651961B62C2D9C5A000C97FA /* Products */,
			);
			sourceTree = "<group>";
		};
		651961B62C2D9C5A000C97FA /* Products */ = {
			isa = PBXGroup;
			children = (
				651961B52C2D9C5A000C97FA /* A1H8.app */,
				651961C72C2D9C5D000C97FA /* A1H8Tests.xctest */,
				651961D12C2D9C5D000C97FA /* A1H8UITests.xctest */,
			);
			name = Products;
			sourceTree = "<group>";
		};
		651961B72C2D9C5A000C97FA /* A1H8 */ = {
			isa = PBXGroup;
			children = (
				651961B82C2D9C5A000C97FA /* A1H8App.swift */,
				651961BA2C2D9C5A000C97FA /* ContentView.swift */,
				651961BC2C2D9C5A000C97FA /* Item.swift */,
				651961BE2C2D9C5D000C97FA /* Assets.xcassets */,
				651961C02C2D9C5D000C97FA /* Preview Content */,
			);
			path = A1H8;
			sourceTree = "<group>";
		};
		651961C02C2D9C5D000C97FA /* Preview Content */ = {
			isa = PBXGroup;
			children = (
				651961C12C2D9C5D000C97FA /* Preview Assets.xcassets */,
			);
			path = "Preview Content";
			sourceTree = "<group>";
		};
		651961CA2C2D9C5D000C97FA /* A1H8Tests */ = {
			isa = PBXGroup;
			children = (
				651961CB2C2D9C5D000C97FA /* A1H8Tests.swift */,
			);
			path = A1H8Tests;
			sourceTree = "<group>";
		};
		651961D42C2D9C5D000C97FA /* A1H8UITests */ = {
			isa = PBXGroup;
			children = (
				651961D52C2D9C5D000C97FA /* A1H8UITests.swift */,
				651961D72C2D9C5D000C97FA /* A1H8UITestsLaunchTests.swift */,
			);
			path = A1H8UITests;
			sourceTree = "<group>";
		};
/* End PBXGroup section */

/* Begin PBXNativeTarget section */
		651961B42C2D9C5A000C97FA /* A1H8 */ = {
			isa = PBXNativeTarget;
			buildConfigurationList = 651961DB2C2D9C5D000C97FA /* Build configuration list for PBXNativeTarget "A1H8" */;
			buildPhases = (
				651961B12C2D9C5A000C97FA /* Sources */,
				651961B22C2D9C5A000C97FA /* Frameworks */,
				651961B32C2D9C5A000C97FA /* Resources */,
			);
			buildRules = (
			);
			dependencies = (
			);
			name = A1H8;
			productName = A1H8;
			productReference = 651961B52C2D9C5A000C97FA /* A1H8.app */;
			productType = "com.apple.product-type.application";
		};
		651961C62C2D9C5D000C97FA /* A1H8Tests */ = {
			isa = PBXNativeTarget;
			buildConfigurationList = 651961DE2C2D9C5D000C97FA /* Build configuration list for PBXNativeTarget "A1H8Tests" */;
			buildPhases = (
				651961C32C2D9C5D000C97FA /* Sources */,
				651961C42C2D9C5D000C97FA /* Frameworks */,
				651961C52C2D9C5D000C97FA /* Resources */,
			);
			buildRules = (
			);
			dependencies = (
				651961C92C2D9C5D000C97FA /* PBXTargetDependency */,
			);
			name = A1H8Tests;
			productName = A1H8Tests;
			productReference = 651961C72C2D9C5D000C97FA /* A1H8Tests.xctest */;
			productType = "com.apple.product-type.bundle.unit-test";
		};
		651961D02C2D9C5D000C97FA /* A1H8UITests */ = {
			isa = PBXNativeTarget;
			buildConfigurationList = 651961E12C2D9C5D000C97FA /* Build configuration list for PBXNativeTarget "A1H8UITests" */;
			buildPhases = (
				651961CD2C2D9C5D000C97FA /* Sources */,
				651961CE2C2D9C5D000C97FA /* Frameworks */,
				651961CF2C2D9C5D000C97FA /* Resources */,
			);
			buildRules = (
			);
			dependencies = (
				651961D32C2D9C5D000C97FA /* PBXTargetDependency */,
			);
			name = A1H8UITests;
			productName = A1H8UITests;
			productReference = 651961D12C2D9C5D000C97FA /* A1H8UITests.xctest */;
			productType = "com.apple.product-type.bundle.ui-testing";
		};
/* End PBXNativeTarget section */

/* Begin PBXProject section */
		651961AD2C2D9C5A000C97FA /* Project object */ = {
			isa = PBXProject;
			attributes = {
				BuildIndependentTargetsInParallel = 1;
				LastSwiftUpdateCheck = 1520;
				LastUpgradeCheck = 1520;
				TargetAttributes = {
					651961B42C2D9C5A000C97FA = {
						CreatedOnToolsVersion = 15.2;
					};
					651961C62C2D9C5D000C97FA = {
						CreatedOnToolsVersion = 15.2;
						TestTargetID = 651961B42C2D9C5A000C97FA;
					};
					651961D02C2D9C5D000C97FA = {
						CreatedOnToolsVersion = 15.2;
						TestTargetID = 651961B42C2D9C5A000C97FA;
					};
				};
			};
			buildConfigurationList = 651961B02C2D9C5A000C97FA /* Build configuration list for PBXProject "A1H8" */;
			compatibilityVersion = "Xcode 14.0";
			developmentRegion = en;
			hasScannedForEncodings = 0;
			knownRegions = (
				en,
				Base,
			);
			mainGroup = 651961AC2C2D9C5A000C97FA;
			productRefGroup = 651961B62C2D9C5A000C97FA /* Products */;
			projectDirPath = "";
			projectRoot = "";
			targets = (
				651961B42C2D9C5A000C97FA /* A1H8 */,
				651961C62C2D9C5D000C97FA /* A1H8Tests */,
				651961D02C2D9C5D000C97FA /* A1H8UITests */,
			);
		};
/* End PBXProject section */

/* Begin PBXResourcesBuildPhase section */
		651961B32C2D9C5A000C97FA /* Resources */ = {
			isa = PBXResourcesBuildPhase;
			buildActionMask = 2147483647;
			files = (
				651961C22C2D9C5D000C97FA /* Preview Assets.xcassets in Resources */,
				651961BF2C2D9C5D000C97FA /* Assets.xcassets in Resources */,
			);
			runOnlyForDeploymentPostprocessing = 0;
		};
		651961C52C2D9C5D000C97FA /* Resources */ = {
			isa = PBXResourcesBuildPhase;
			buildActionMask = 2147483647;
			files = (
			);
			runOnlyForDeploymentPostprocessing = 0;
		};
		651961CF2C2D9C5D000C97FA /* Resources */ = {
			isa = PBXResourcesBuildPhase;
			buildActionMask = 2147483647;
			files = (
			);
			runOnlyForDeploymentPostprocessing = 0;
		};
/* End PBXResourcesBuildPhase section */

/* Begin PBXSourcesBuildPhase section */
		651961B12C2D9C5A000C97FA /* Sources */ = {
			isa = PBXSourcesBuildPhase;
			buildActionMask = 2147483647;
			files = (
				651961BB2C2D9C5A000C97FA /* ContentView.swift in Sources */,
				651961BD2C2D9C5A000C97FA /* Item.swift in Sources */,
				651961B92C2D9C5A000C97FA /* A1H8App.swift in Sources */,
			);
			runOnlyForDeploymentPostprocessing = 0;
		};
		651961C32C2D9C5D000C97FA /* Sources */ = {
			isa = PBXSourcesBuildPhase;
			buildActionMask = 2147483647;
			files = (
				651961CC2C2D9C5D000C97FA /* A1H8Tests.swift in Sources */,
			);
			runOnlyForDeploymentPostprocessing = 0;
		};
		651961CD2C2D9C5D000C97FA /* Sources */ = {
			isa = PBXSourcesBuildPhase;
			buildActionMask = 2147483647;
			files = (
				651961D82C2D9C5D000C97FA /* A1H8UITestsLaunchTests.swift in Sources */,
				651961D62C2D9C5D000C97FA /* A1H8UITests.swift in Sources */,
			);
			runOnlyForDeploymentPostprocessing = 0;
		};
/* End PBXSourcesBuildPhase section */

/* Begin PBXTargetDependency section */
		651961C92C2D9C5D000C97FA /* PBXTargetDependency */ = {
			isa = PBXTargetDependency;
			target = 651961B42C2D9C5A000C97FA /* A1H8 */;
			targetProxy = 651961C82C2D9C5D000C97FA /* PBXContainerItemProxy */;
		};
		651961D32C2D9C5D000C97FA /* PBXTargetDependency */ = {
			isa = PBXTargetDependency;
			target = 651961B42C2D9C5A000C97FA /* A1H8 */;
			targetProxy = 651961D22C2D9C5D000C97FA /* PBXContainerItemProxy */;
		};
/* End PBXTargetDependency section */

/* Begin XCBuildConfiguration section */
		651961D92C2D9C5D000C97FA /* Debug */ = {
			isa = XCBuildConfiguration;
			buildSettings = {
				ALWAYS_SEARCH_USER_PATHS = NO;
				ASSETCATALOG_COMPILER_GENERATE_SWIFT_ASSET_SYMBOL_EXTENSIONS = YES;
				CLANG_ANALYZER_NONNULL = YES;
				CLANG_ANALYZER_NUMBER_OBJECT_CONVERSION = YES_AGGRESSIVE;
				CLANG_CXX_LANGUAGE_STANDARD = "gnu++20";
				CLANG_ENABLE_MODULES = YES;
				CLANG_ENABLE_OBJC_ARC = YES;
				CLANG_ENABLE_OBJC_WEAK = YES;
				CLANG_WARN_BLOCK_CAPTURE_AUTORELEASING = YES;
				CLANG_WARN_BOOL_CONVERSION = YES;
				CLANG_WARN_COMMA = YES;
				CLANG_WARN_CONSTANT_CONVERSION = YES;
				CLANG_WARN_DEPRECATED_OBJC_IMPLEMENTATIONS = YES;
				CLANG_WARN_DIRECT_OBJC_ISA_USAGE = YES_ERROR;
				CLANG_WARN_DOCUMENTATION_COMMENTS = YES;
				CLANG_WARN_EMPTY_BODY = YES;
				CLANG_WARN_ENUM_CONVERSION = YES;
				CLANG_WARN_INFINITE_RECURSION = YES;
				CLANG_WARN_INT_CONVERSION = YES;
				CLANG_WARN_NON_LITERAL_NULL_CONVERSION = YES;
				CLANG_WARN_OBJC_IMPLICIT_RETAIN_SELF = YES;
				CLANG_WARN_OBJC_LITERAL_CONVERSION = YES;
				CLANG_WARN_OBJC_ROOT_CLASS = YES_ERROR;
				CLANG_WARN_QUOTED_INCLUDE_IN_FRAMEWORK_HEADER = YES;
				CLANG_WARN_RANGE_LOOP_ANALYSIS = YES;
				CLANG_WARN_STRICT_PROTOTYPES = YES;
				CLANG_WARN_SUSPICIOUS_MOVE = YES;
				CLANG_WARN_UNGUARDED_AVAILABILITY = YES_AGGRESSIVE;
				CLANG_WARN_UNREACHABLE_CODE = YES;
				CLANG_WARN__DUPLICATE_METHOD_MATCH = YES;
				COPY_PHASE_STRIP = NO;
				DEBUG_INFORMATION_FORMAT = dwarf;
				ENABLE_STRICT_OBJC_MSGSEND = YES;
				ENABLE_TESTABILITY = YES;
				ENABLE_USER_SCRIPT_SANDBOXING = YES;
				GCC_C_LANGUAGE_STANDARD = gnu17;
				GCC_DYNAMIC_NO_PIC = NO;
				GCC_NO_COMMON_BLOCKS = YES;
				GCC_OPTIMIZATION_LEVEL = 0;
				GCC_PREPROCESSOR_DEFINITIONS = (
					"DEBUG=1",
					"$(inherited)",
				);
				GCC_WARN_64_TO_32_BIT_CONVERSION = YES;
				GCC_WARN_ABOUT_RETURN_TYPE = YES_ERROR;
				GCC_WARN_UNDECLARED_SELECTOR = YES;
				GCC_WARN_UNINITIALIZED_AUTOS = YES_AGGRESSIVE;
				GCC_WARN_UNUSED_FUNCTION = YES;
				GCC_WARN_UNUSED_VARIABLE = YES;
				IPHONEOS_DEPLOYMENT_TARGET = 17.2;
				LOCALIZATION_PREFERS_STRING_CATALOGS = YES;
				MTL_ENABLE_DEBUG_INFO = INCLUDE_SOURCE;
				MTL_FAST_MATH = YES;
				ONLY_ACTIVE_ARCH = YES;
				SDKROOT = iphoneos;
				SWIFT_ACTIVE_COMPILATION_CONDITIONS = "DEBUG $(inherited)";
				SWIFT_OPTIMIZATION_LEVEL = "-Onone";
			};
			name = Debug;
		};
		651961DA2C2D9C5D000C97FA /* Release */ = {
			isa = XCBuildConfiguration;
			buildSettings = {
				ALWAYS_SEARCH_USER_PATHS = NO;
				ASSETCATALOG_COMPILER_GENERATE_SWIFT_ASSET_SYMBOL_EXTENSIONS = YES;
				CLANG_ANALYZER_NONNULL = YES;
				CLANG_ANALYZER_NUMBER_OBJECT_CONVERSION = YES_AGGRESSIVE;
				CLANG_CXX_LANGUAGE_STANDARD = "gnu++20";
				CLANG_ENABLE_MODULES = YES;
				CLANG_ENABLE_OBJC_ARC = YES;
				CLANG_ENABLE_OBJC_WEAK = YES;
				CLANG_WARN_BLOCK_CAPTURE_AUTORELEASING = YES;
				CLANG_WARN_BOOL_CONVERSION = YES;
				CLANG_WARN_COMMA = YES;
				CLANG_WARN_CONSTANT_CONVERSION = YES;
				CLANG_WARN_DEPRECATED_OBJC_IMPLEMENTATIONS = YES;
				CLANG_WARN_DIRECT_OBJC_ISA_USAGE = YES_ERROR;
				CLANG_WARN_DOCUMENTATION_COMMENTS = YES;
				CLANG_WARN_EMPTY_BODY = YES;
				CLANG_WARN_ENUM_CONVERSION = YES;
				CLANG_WARN_INFINITE_RECURSION = YES;
				CLANG_WARN_INT_CONVERSION = YES;
				CLANG_WARN_NON_LITERAL_NULL_CONVERSION = YES;
				CLANG_WARN_OBJC_IMPLICIT_RETAIN_SELF = YES;
				CLANG_WARN_OBJC_LITERAL_CONVERSION = YES;
				CLANG_WARN_OBJC_ROOT_CLASS = YES_ERROR;
				CLANG_WARN_QUOTED_INCLUDE_IN_FRAMEWORK_HEADER = YES;
				CLANG_WARN_RANGE_LOOP_ANALYSIS = YES;
				CLANG_WARN_STRICT_PROTOTYPES = YES;
				CLANG_WARN_SUSPICIOUS_MOVE = YES;
				CLANG_WARN_UNGUARDED_AVAILABILITY = YES_AGGRESSIVE;
				CLANG_WARN_UNREACHABLE_CODE = YES;
				CLANG_WARN__DUPLICATE_METHOD_MATCH = YES;
				COPY_PHASE_STRIP = NO;
				DEBUG_INFORMATION_FORMAT = "dwarf-with-dsym";
				ENABLE_NS_ASSERTIONS = NO;
				ENABLE_STRICT_OBJC_MSGSEND = YES;
				ENABLE_USER_SCRIPT_SANDBOXING = YES;
				GCC_C_LANGUAGE_STANDARD = gnu17;
				GCC_NO_COMMON_BLOCKS = YES;
				GCC_WARN_64_TO_32_BIT_CONVERSION = YES;
				GCC_WARN_ABOUT_RETURN_TYPE = YES_ERROR;
				GCC_WARN_UNDECLARED_SELECTOR = YES;
				GCC_WARN_UNINITIALIZED_AUTOS = YES_AGGRESSIVE;
				GCC_WARN_UNUSED_FUNCTION = YES;
				GCC_WARN_UNUSED_VARIABLE = YES;
				IPHONEOS_DEPLOYMENT_TARGET = 17.2;
				LOCALIZATION_PREFERS_STRING_CATALOGS = YES;
				MTL_ENABLE_DEBUG_INFO = NO;
				MTL_FAST_MATH = YES;
				SDKROOT = iphoneos;
				SWIFT_COMPILATION_MODE = wholemodule;
				VALIDATE_PRODUCT = YES;
			};
			name = Release;
		};
		651961DC2C2D9C5D000C97FA /* Debug */ = {
			isa = XCBuildConfiguration;
			buildSettings = {
				ASSETCATALOG_COMPILER_APPICON_NAME = AppIcon;
				ASSETCATALOG_COMPILER_GLOBAL_ACCENT_COLOR_NAME = AccentColor;
				CODE_SIGN_STYLE = Automatic;
				CURRENT_PROJECT_VERSION = 1;
				DEVELOPMENT_ASSET_PATHS = "\"A1H8/Preview Content\"";
				DEVELOPMENT_TEAM = 5E5UZ78K96;
				ENABLE_PREVIEWS = YES;
				GENERATE_INFOPLIST_FILE = YES;
				INFOPLIST_KEY_UIApplicationSceneManifest_Generation = YES;
				INFOPLIST_KEY_UIApplicationSupportsIndirectInputEvents = YES;
				INFOPLIST_KEY_UILaunchScreen_Generation = YES;
				INFOPLIST_KEY_UISupportedInterfaceOrientations_iPad = "UIInterfaceOrientationPortrait UIInterfaceOrientationPortraitUpsideDown UIInterfaceOrientationLandscapeLeft UIInterfaceOrientationLandscapeRight";
				INFOPLIST_KEY_UISupportedInterfaceOrientations_iPhone = "UIInterfaceOrientationPortrait UIInterfaceOrientationLandscapeLeft UIInterfaceOrientationLandscapeRight";
				LD_RUNPATH_SEARCH_PATHS = (
					"$(inherited)",
					"@executable_path/Frameworks",
				);
				MARKETING_VERSION = 1.0;
				PRODUCT_BUNDLE_IDENTIFIER = severeduck.A1H8;
				PRODUCT_NAME = "$(TARGET_NAME)";
				SWIFT_EMIT_LOC_STRINGS = YES;
				SWIFT_VERSION = 5.0;
				TARGETED_DEVICE_FAMILY = "1,2";
			};
			name = Debug;
		};
		651961DD2C2D9C5D000C97FA /* Release */ = {
			isa = XCBuildConfiguration;
			buildSettings = {
				ASSETCATALOG_COMPILER_APPICON_NAME = AppIcon;
				ASSETCATALOG_COMPILER_GLOBAL_ACCENT_COLOR_NAME = AccentColor;
				CODE_SIGN_STYLE = Automatic;
				CURRENT_PROJECT_VERSION = 1;
				DEVELOPMENT_ASSET_PATHS = "\"A1H8/Preview Content\"";
				DEVELOPMENT_TEAM = 5E5UZ78K96;
				ENABLE_PREVIEWS = YES;
				GENERATE_INFOPLIST_FILE = YES;
				INFOPLIST_KEY_UIApplicationSceneManifest_Generation = YES;
				INFOPLIST_KEY_UIApplicationSupportsIndirectInputEvents = YES;
				INFOPLIST_KEY_UILaunchScreen_Generation = YES;
				INFOPLIST_KEY_UISupportedInterfaceOrientations_iPad = "UIInterfaceOrientationPortrait UIInterfaceOrientationPortraitUpsideDown UIInterfaceOrientationLandscapeLeft UIInterfaceOrientationLandscapeRight";
				INFOPLIST_KEY_UISupportedInterfaceOrientations_iPhone = "UIInterfaceOrientationPortrait UIInterfaceOrientationLandscapeLeft UIInterfaceOrientationLandscapeRight";
				LD_RUNPATH_SEARCH_PATHS = (
					"$(inherited)",
					"@executable_path/Frameworks",
				);
				MARKETING_VERSION = 1.0;
				PRODUCT_BUNDLE_IDENTIFIER = severeduck.A1H8;
				PRODUCT_NAME = "$(TARGET_NAME)";
				SWIFT_EMIT_LOC_STRINGS = YES;
				SWIFT_VERSION = 5.0;
				TARGETED_DEVICE_FAMILY = "1,2";
			};
			name = Release;
		};
		651961DF2C2D9C5D000C97FA /* Debug */ = {
			isa = XCBuildConfiguration;
			buildSettings = {
				ALWAYS_EMBED_SWIFT_STANDARD_LIBRARIES = YES;
				BUNDLE_LOADER = "$(TEST_HOST)";
				CODE_SIGN_STYLE = Automatic;
				CURRENT_PROJECT_VERSION = 1;
				DEVELOPMENT_TEAM = 5E5UZ78K96;
				GENERATE_INFOPLIST_FILE = YES;
				IPHONEOS_DEPLOYMENT_TARGET = 17.2;
				MARKETING_VERSION = 1.0;
				PRODUCT_BUNDLE_IDENTIFIER = severeduck.A1H8Tests;
				PRODUCT_NAME = "$(TARGET_NAME)";
				SWIFT_EMIT_LOC_STRINGS = NO;
				SWIFT_VERSION = 5.0;
				TARGETED_DEVICE_FAMILY = "1,2";
				TEST_HOST = "$(BUILT_PRODUCTS_DIR)/A1H8.app/$(BUNDLE_EXECUTABLE_FOLDER_PATH)/A1H8";
			};
			name = Debug;
		};
		651961E02C2D9C5D000C97FA /* Release */ = {
			isa = XCBuildConfiguration;
			buildSettings = {
				ALWAYS_EMBED_SWIFT_STANDARD_LIBRARIES = YES;
				BUNDLE_LOADER = "$(TEST_HOST)";
				CODE_SIGN_STYLE = Automatic;
				CURRENT_PROJECT_VERSION = 1;
				DEVELOPMENT_TEAM = 5E5UZ78K96;
				GENERATE_INFOPLIST_FILE = YES;
				IPHONEOS_DEPLOYMENT_TARGET = 17.2;
				MARKETING_VERSION = 1.0;
				PRODUCT_BUNDLE_IDENTIFIER = severeduck.A1H8Tests;
				PRODUCT_NAME = "$(TARGET_NAME)";
				SWIFT_EMIT_LOC_STRINGS = NO;
				SWIFT_VERSION = 5.0;
				TARGETED_DEVICE_FAMILY = "1,2";
				TEST_HOST = "$(BUILT_PRODUCTS_DIR)/A1H8.app/$(BUNDLE_EXECUTABLE_FOLDER_PATH)/A1H8";
			};
			name = Release;
		};
		651961E22C2D9C5D000C97FA /* Debug */ = {
			isa = XCBuildConfiguration;
			buildSettings = {
				ALWAYS_EMBED_SWIFT_STANDARD_LIBRARIES = YES;
				CODE_SIGN_STYLE = Automatic;
				CURRENT_PROJECT_VERSION = 1;
				DEVELOPMENT_TEAM = 5E5UZ78K96;
				GENERATE_INFOPLIST_FILE = YES;
				MARKETING_VERSION = 1.0;
				PRODUCT_BUNDLE_IDENTIFIER = severeduck.A1H8UITests;
				PRODUCT_NAME = "$(TARGET_NAME)";
				SWIFT_EMIT_LOC_STRINGS = NO;
				SWIFT_VERSION = 5.0;
				TARGETED_DEVICE_FAMILY = "1,2";
				TEST_TARGET_NAME = A1H8;
			};
			name = Debug;
		};
		651961E32C2D9C5D000C97FA /* Release */ = {
			isa = XCBuildConfiguration;
			buildSettings = {
				ALWAYS_EMBED_SWIFT_STANDARD_LIBRARIES = YES;
				CODE_SIGN_STYLE = Automatic;
				CURRENT_PROJECT_VERSION = 1;
				DEVELOPMENT_TEAM = 5E5UZ78K96;
				GENERATE_INFOPLIST_FILE = YES;
				MARKETING_VERSION = 1.0;
				PRODUCT_BUNDLE_IDENTIFIER = severeduck.A1H8UITests;
				PRODUCT_NAME = "$(TARGET_NAME)";
				SWIFT_EMIT_LOC_STRINGS = NO;
				SWIFT_VERSION = 5.0;
				TARGETED_DEVICE_FAMILY = "1,2";
				TEST_TARGET_NAME = A1H8;
			};
			name = Release;
		};
/* End XCBuildConfiguration section */

/* Begin XCConfigurationList section */
		651961B02C2D9C5A000C97FA /* Build configuration list for PBXProject "A1H8" */ = {
			isa = XCConfigurationList;
			buildConfigurations = (
				651961D92C2D9C5D000C97FA /* Debug */,
				651961DA2C2D9C5D000C97FA /* Release */,
			);
			defaultConfigurationIsVisible = 0;
			defaultConfigurationName = Release;
		};
		651961DB2C2D9C5D000C97FA /* Build configuration list for PBXNativeTarget "A1H8" */ = {
			isa = XCConfigurationList;
			buildConfigurations = (
				651961DC2C2D9C5D000C97FA /* Debug */,
				651961DD2C2D9C5D000C97FA /* Release */,
			);
			defaultConfigurationIsVisible = 0;
			defaultConfigurationName = Release;
		};
		651961DE2C2D9C5D000C97FA /* Build configuration list for PBXNativeTarget "A1H8Tests" */ = {
			isa = XCConfigurationList;
			buildConfigurations = (
				651961DF2C2D9C5D000C97FA /* Debug */,
				651961E02C2D9C5D000C97FA /* Release */,
			);
			defaultConfigurationIsVisible = 0;
			defaultConfigurationName = Release;
		};
		651961E12C2D9C5D000C97FA /* Build configuration list for PBXNativeTarget "A1H8UITests" */ = {
			isa = XCConfigurationList;
			buildConfigurations = (
				651961E22C2D9C5D000C97FA /* Debug */,
				651961E32C2D9C5D000C97FA /* Release */,
			);
			defaultConfigurationIsVisible = 0;
			defaultConfigurationName = Release;
		};
/* End XCConfigurationList section */
	};
	rootObject = 651961AD2C2D9C5A000C97FA /* Project object */;
}
